// !$*UTF8*$!
{
	archiveVersion = 1;
	classes = {
	};
	objectVersion = 56;
	objects = {

/* Begin PBXBuildFile section */
		2236A4DC2C5A7C63002FFB7C /* DessertCell.swift in Sources */ = {isa = PBXBuildFile; fileRef = 2236A4DB2C5A7C63002FFB7C /* DessertCell.swift */; };
		2236A4DE2C5A7C76002FFB7C /* DesertDetailView.swift in Sources */ = {isa = PBXBuildFile; fileRef = 2236A4DD2C5A7C76002FFB7C /* DesertDetailView.swift */; };
		226A01822C5420700045D3F2 /* FetchDessertApp.swift in Sources */ = {isa = PBXBuildFile; fileRef = 226A01812C5420700045D3F2 /* FetchDessertApp.swift */; };
		226A01862C5420710045D3F2 /* Assets.xcassets in Resources */ = {isa = PBXBuildFile; fileRef = 226A01852C5420710045D3F2 /* Assets.xcassets */; };
		226A01892C5420710045D3F2 /* Preview Assets.xcassets in Resources */ = {isa = PBXBuildFile; fileRef = 226A01882C5420710045D3F2 /* Preview Assets.xcassets */; };
		2280E7042C5550D40072F689 /* DessertView.swift in Sources */ = {isa = PBXBuildFile; fileRef = 2280E7032C5550D40072F689 /* DessertView.swift */; };
		2280E7072C5551260072F689 /* FetchDessertPkg in Frameworks */ = {isa = PBXBuildFile; productRef = 2280E7062C5551260072F689 /* FetchDessertPkg */; };
		2289079C2CD3CBE3007C8637 /* FetchDessertAltUIApp.swift in Sources */ = {isa = PBXBuildFile; fileRef = 2289079B2CD3CBE3007C8637 /* FetchDessertAltUIApp.swift */; };
		228907A02CD3CBE5007C8637 /* Assets.xcassets in Resources */ = {isa = PBXBuildFile; fileRef = 2289079F2CD3CBE5007C8637 /* Assets.xcassets */; };
		228907A32CD3CBE5007C8637 /* Preview Assets.xcassets in Resources */ = {isa = PBXBuildFile; fileRef = 228907A22CD3CBE5007C8637 /* Preview Assets.xcassets */; };
		228907AA2CD3CCDA007C8637 /* DessertView.swift in Sources */ = {isa = PBXBuildFile; fileRef = 228907A92CD3CCDA007C8637 /* DessertView.swift */; };
		228907AC2CD44008007C8637 /* FetchDessertPkg in Frameworks */ = {isa = PBXBuildFile; productRef = 228907AB2CD44008007C8637 /* FetchDessertPkg */; };
/* End PBXBuildFile section */

/* Begin PBXFileReference section */
		2236A4DB2C5A7C63002FFB7C /* DessertCell.swift */ = {isa = PBXFileReference; lastKnownFileType = sourcecode.swift; path = DessertCell.swift; sourceTree = "<group>"; };
		2236A4DD2C5A7C76002FFB7C /* DesertDetailView.swift */ = {isa = PBXFileReference; lastKnownFileType = sourcecode.swift; path = DesertDetailView.swift; sourceTree = "<group>"; };
		2245103B2C542F7F00078611 /* FetchDessertPkg */ = {isa = PBXFileReference; lastKnownFileType = wrapper; path = FetchDessertPkg; sourceTree = "<group>"; };
		225FF0142C602C7B00BBF991 /* Info.plist */ = {isa = PBXFileReference; lastKnownFileType = text.plist; path = Info.plist; sourceTree = "<group>"; };
		226A017E2C5420700045D3F2 /* FetchDessert.app */ = {isa = PBXFileReference; explicitFileType = wrapper.application; includeInIndex = 0; path = FetchDessert.app; sourceTree = BUILT_PRODUCTS_DIR; };
		226A01812C5420700045D3F2 /* FetchDessertApp.swift */ = {isa = PBXFileReference; lastKnownFileType = sourcecode.swift; path = FetchDessertApp.swift; sourceTree = "<group>"; };
		226A01852C5420710045D3F2 /* Assets.xcassets */ = {isa = PBXFileReference; lastKnownFileType = folder.assetcatalog; path = Assets.xcassets; sourceTree = "<group>"; };
		226A01882C5420710045D3F2 /* Preview Assets.xcassets */ = {isa = PBXFileReference; lastKnownFileType = folder.assetcatalog; path = "Preview Assets.xcassets"; sourceTree = "<group>"; };
		2280E7032C5550D40072F689 /* DessertView.swift */ = {isa = PBXFileReference; fileEncoding = 4; lastKnownFileType = sourcecode.swift; path = DessertView.swift; sourceTree = "<group>"; };
		228907992CD3CBE3007C8637 /* FetchDessertAltUI.app */ = {isa = PBXFileReference; explicitFileType = wrapper.application; includeInIndex = 0; path = FetchDessertAltUI.app; sourceTree = BUILT_PRODUCTS_DIR; };
		2289079B2CD3CBE3007C8637 /* FetchDessertAltUIApp.swift */ = {isa = PBXFileReference; lastKnownFileType = sourcecode.swift; path = FetchDessertAltUIApp.swift; sourceTree = "<group>"; };
		2289079F2CD3CBE5007C8637 /* Assets.xcassets */ = {isa = PBXFileReference; lastKnownFileType = folder.assetcatalog; path = Assets.xcassets; sourceTree = "<group>"; };
		228907A22CD3CBE5007C8637 /* Preview Assets.xcassets */ = {isa = PBXFileReference; lastKnownFileType = folder.assetcatalog; path = "Preview Assets.xcassets"; sourceTree = "<group>"; };
		228907A92CD3CCDA007C8637 /* DessertView.swift */ = {isa = PBXFileReference; lastKnownFileType = sourcecode.swift; path = DessertView.swift; sourceTree = "<group>"; };
/* End PBXFileReference section */

/* Begin PBXFrameworksBuildPhase section */
		226A017B2C5420700045D3F2 /* Frameworks */ = {
			isa = PBXFrameworksBuildPhase;
			buildActionMask = 2147483647;
			files = (
				2280E7072C5551260072F689 /* FetchDessertPkg in Frameworks */,
			);
			runOnlyForDeploymentPostprocessing = 0;
		};
		228907962CD3CBE3007C8637 /* Frameworks */ = {
			isa = PBXFrameworksBuildPhase;
			buildActionMask = 2147483647;
			files = (
				228907AC2CD44008007C8637 /* FetchDessertPkg in Frameworks */,
			);
			runOnlyForDeploymentPostprocessing = 0;
		};
/* End PBXFrameworksBuildPhase section */

/* Begin PBXGroup section */
		226A01752C5420700045D3F2 = {
			isa = PBXGroup;
			children = (
				2245103B2C542F7F00078611 /* FetchDessertPkg */,
				226A01802C5420700045D3F2 /* FetchDessert */,
				2289079A2CD3CBE3007C8637 /* FetchDessertAltUI */,
				226A017F2C5420700045D3F2 /* Products */,
				2280E7052C5551260072F689 /* Frameworks */,
			);
			sourceTree = "<group>";
		};
		226A017F2C5420700045D3F2 /* Products */ = {
			isa = PBXGroup;
			children = (
				226A017E2C5420700045D3F2 /* FetchDessert.app */,
				228907992CD3CBE3007C8637 /* FetchDessertAltUI.app */,
			);
			name = Products;
			sourceTree = "<group>";
		};
		226A01802C5420700045D3F2 /* FetchDessert */ = {
			isa = PBXGroup;
			children = (
				225FF0142C602C7B00BBF991 /* Info.plist */,
				2280E7082C5801490072F689 /* Dessert */,
				226A01812C5420700045D3F2 /* FetchDessertApp.swift */,
				226A01852C5420710045D3F2 /* Assets.xcassets */,
				226A01872C5420710045D3F2 /* Preview Content */,
			);
			path = FetchDessert;
			sourceTree = "<group>";
		};
		226A01872C5420710045D3F2 /* Preview Content */ = {
			isa = PBXGroup;
			children = (
				226A01882C5420710045D3F2 /* Preview Assets.xcassets */,
			);
			path = "Preview Content";
			sourceTree = "<group>";
		};
		2280E7052C5551260072F689 /* Frameworks */ = {
			isa = PBXGroup;
			children = (
			);
			name = Frameworks;
			sourceTree = "<group>";
		};
		2280E7082C5801490072F689 /* Dessert */ = {
			isa = PBXGroup;
			children = (
				2280E7032C5550D40072F689 /* DessertView.swift */,
				2236A4DB2C5A7C63002FFB7C /* DessertCell.swift */,
				2236A4DD2C5A7C76002FFB7C /* DesertDetailView.swift */,
			);
			path = Dessert;
			sourceTree = "<group>";
		};
		2289079A2CD3CBE3007C8637 /* FetchDessertAltUI */ = {
			isa = PBXGroup;
			children = (
				228907A72CD3CC38007C8637 /* Dessert */,
				2289079B2CD3CBE3007C8637 /* FetchDessertAltUIApp.swift */,
				2289079F2CD3CBE5007C8637 /* Assets.xcassets */,
				228907A12CD3CBE5007C8637 /* Preview Content */,
			);
			path = FetchDessertAltUI;
			sourceTree = "<group>";
		};
		228907A12CD3CBE5007C8637 /* Preview Content */ = {
			isa = PBXGroup;
			children = (
				228907A22CD3CBE5007C8637 /* Preview Assets.xcassets */,
			);
			path = "Preview Content";
			sourceTree = "<group>";
		};
		228907A72CD3CC38007C8637 /* Dessert */ = {
			isa = PBXGroup;
			children = (
				228907A92CD3CCDA007C8637 /* DessertView.swift */,
			);
			path = Dessert;
			sourceTree = "<group>";
		};
/* End PBXGroup section */

/* Begin PBXNativeTarget section */
		226A017D2C5420700045D3F2 /* FetchDessert */ = {
			isa = PBXNativeTarget;
			buildConfigurationList = 226A018C2C5420710045D3F2 /* Build configuration list for PBXNativeTarget "FetchDessert" */;
			buildPhases = (
				226A017A2C5420700045D3F2 /* Sources */,
				226A017B2C5420700045D3F2 /* Frameworks */,
				226A017C2C5420700045D3F2 /* Resources */,
			);
			buildRules = (
			);
			dependencies = (
			);
			name = FetchDessert;
			packageProductDependencies = (
				2280E7062C5551260072F689 /* FetchDessertPkg */,
			);
			productName = FetchDessert;
			productReference = 226A017E2C5420700045D3F2 /* FetchDessert.app */;
			productType = "com.apple.product-type.application";
		};
		228907982CD3CBE3007C8637 /* FetchDessertAltUI */ = {
			isa = PBXNativeTarget;
			buildConfigurationList = 228907A62CD3CBE5007C8637 /* Build configuration list for PBXNativeTarget "FetchDessertAltUI" */;
			buildPhases = (
				228907952CD3CBE3007C8637 /* Sources */,
				228907962CD3CBE3007C8637 /* Frameworks */,
				228907972CD3CBE3007C8637 /* Resources */,
			);
			buildRules = (
			);
			dependencies = (
			);
			name = FetchDessertAltUI;
			packageProductDependencies = (
				228907AB2CD44008007C8637 /* FetchDessertPkg */,
			);
			productName = FetchDessertAltUI;
			productReference = 228907992CD3CBE3007C8637 /* FetchDessertAltUI.app */;
			productType = "com.apple.product-type.application";
		};
/* End PBXNativeTarget section */

/* Begin PBXProject section */
		226A01762C5420700045D3F2 /* Project object */ = {
			isa = PBXProject;
			attributes = {
				BuildIndependentTargetsInParallel = 1;
				LastSwiftUpdateCheck = 1540;
				LastUpgradeCheck = 1540;
				TargetAttributes = {
					226A017D2C5420700045D3F2 = {
						CreatedOnToolsVersion = 15.4;
					};
					228907982CD3CBE3007C8637 = {
						CreatedOnToolsVersion = 15.4;
					};
				};
			};
			buildConfigurationList = 226A01792C5420700045D3F2 /* Build configuration list for PBXProject "FetchDessert" */;
			compatibilityVersion = "Xcode 14.0";
			developmentRegion = en;
			hasScannedForEncodings = 0;
			knownRegions = (
				en,
				Base,
			);
			mainGroup = 226A01752C5420700045D3F2;
			productRefGroup = 226A017F2C5420700045D3F2 /* Products */;
			projectDirPath = "";
			projectRoot = "";
			targets = (
				226A017D2C5420700045D3F2 /* FetchDessert */,
				228907982CD3CBE3007C8637 /* FetchDessertAltUI */,
			);
		};
/* End PBXProject section */

/* Begin PBXResourcesBuildPhase section */
		226A017C2C5420700045D3F2 /* Resources */ = {
			isa = PBXResourcesBuildPhase;
			buildActionMask = 2147483647;
			files = (
				226A01892C5420710045D3F2 /* Preview Assets.xcassets in Resources */,
				226A01862C5420710045D3F2 /* Assets.xcassets in Resources */,
			);
			runOnlyForDeploymentPostprocessing = 0;
		};
		228907972CD3CBE3007C8637 /* Resources */ = {
			isa = PBXResourcesBuildPhase;
			buildActionMask = 2147483647;
			files = (
				228907A32CD3CBE5007C8637 /* Preview Assets.xcassets in Resources */,
				228907A02CD3CBE5007C8637 /* Assets.xcassets in Resources */,
			);
			runOnlyForDeploymentPostprocessing = 0;
		};
/* End PBXResourcesBuildPhase section */

/* Begin PBXSourcesBuildPhase section */
		226A017A2C5420700045D3F2 /* Sources */ = {
			isa = PBXSourcesBuildPhase;
			buildActionMask = 2147483647;
			files = (
				2280E7042C5550D40072F689 /* DessertView.swift in Sources */,
				2236A4DC2C5A7C63002FFB7C /* DessertCell.swift in Sources */,
				2236A4DE2C5A7C76002FFB7C /* DesertDetailView.swift in Sources */,
				226A01822C5420700045D3F2 /* FetchDessertApp.swift in Sources */,
			);
			runOnlyForDeploymentPostprocessing = 0;
		};
		228907952CD3CBE3007C8637 /* Sources */ = {
			isa = PBXSourcesBuildPhase;
			buildActionMask = 2147483647;
			files = (
				2289079C2CD3CBE3007C8637 /* FetchDessertAltUIApp.swift in Sources */,
				228907AA2CD3CCDA007C8637 /* DessertView.swift in Sources */,
			);
			runOnlyForDeploymentPostprocessing = 0;
		};
/* End PBXSourcesBuildPhase section */

/* Begin XCBuildConfiguration section */
		226A018A2C5420710045D3F2 /* Debug */ = {
			isa = XCBuildConfiguration;
			buildSettings = {
				ALWAYS_SEARCH_USER_PATHS = NO;
				ASSETCATALOG_COMPILER_GENERATE_SWIFT_ASSET_SYMBOL_EXTENSIONS = YES;
				CLANG_ANALYZER_NONNULL = YES;
				CLANG_ANALYZER_NUMBER_OBJECT_CONVERSION = YES_AGGRESSIVE;
				CLANG_CXX_LANGUAGE_STANDARD = "gnu++20";
				CLANG_ENABLE_MODULES = YES;
				CLANG_ENABLE_OBJC_ARC = YES;
				CLANG_ENABLE_OBJC_WEAK = YES;
				CLANG_WARN_BLOCK_CAPTURE_AUTORELEASING = YES;
				CLANG_WARN_BOOL_CONVERSION = YES;
				CLANG_WARN_COMMA = YES;
				CLANG_WARN_CONSTANT_CONVERSION = YES;
				CLANG_WARN_DEPRECATED_OBJC_IMPLEMENTATIONS = YES;
				CLANG_WARN_DIRECT_OBJC_ISA_USAGE = YES_ERROR;
				CLANG_WARN_DOCUMENTATION_COMMENTS = YES;
				CLANG_WARN_EMPTY_BODY = YES;
				CLANG_WARN_ENUM_CONVERSION = YES;
				CLANG_WARN_INFINITE_RECURSION = YES;
				CLANG_WARN_INT_CONVERSION = YES;
				CLANG_WARN_NON_LITERAL_NULL_CONVERSION = YES;
				CLANG_WARN_OBJC_IMPLICIT_RETAIN_SELF = YES;
				CLANG_WARN_OBJC_LITERAL_CONVERSION = YES;
				CLANG_WARN_OBJC_ROOT_CLASS = YES_ERROR;
				CLANG_WARN_QUOTED_INCLUDE_IN_FRAMEWORK_HEADER = YES;
				CLANG_WARN_RANGE_LOOP_ANALYSIS = YES;
				CLANG_WARN_STRICT_PROTOTYPES = YES;
				CLANG_WARN_SUSPICIOUS_MOVE = YES;
				CLANG_WARN_UNGUARDED_AVAILABILITY = YES_AGGRESSIVE;
				CLANG_WARN_UNREACHABLE_CODE = YES;
				CLANG_WARN__DUPLICATE_METHOD_MATCH = YES;
				COPY_PHASE_STRIP = NO;
				DEBUG_INFORMATION_FORMAT = dwarf;
				ENABLE_STRICT_OBJC_MSGSEND = YES;
				ENABLE_TESTABILITY = YES;
				ENABLE_USER_SCRIPT_SANDBOXING = YES;
				GCC_C_LANGUAGE_STANDARD = gnu17;
				GCC_DYNAMIC_NO_PIC = NO;
				GCC_NO_COMMON_BLOCKS = YES;
				GCC_OPTIMIZATION_LEVEL = 0;
				GCC_PREPROCESSOR_DEFINITIONS = (
					"DEBUG=1",
					"$(inherited)",
				);
				GCC_WARN_64_TO_32_BIT_CONVERSION = YES;
				GCC_WARN_ABOUT_RETURN_TYPE = YES_ERROR;
				GCC_WARN_UNDECLARED_SELECTOR = YES;
				GCC_WARN_UNINITIALIZED_AUTOS = YES_AGGRESSIVE;
				GCC_WARN_UNUSED_FUNCTION = YES;
				GCC_WARN_UNUSED_VARIABLE = YES;
				IPHONEOS_DEPLOYMENT_TARGET = 17.5;
				LOCALIZATION_PREFERS_STRING_CATALOGS = YES;
				MTL_ENABLE_DEBUG_INFO = INCLUDE_SOURCE;
				MTL_FAST_MATH = YES;
				ONLY_ACTIVE_ARCH = YES;
				SDKROOT = iphoneos;
				SWIFT_ACTIVE_COMPILATION_CONDITIONS = "DEBUG $(inherited)";
				SWIFT_OPTIMIZATION_LEVEL = "-Onone";
			};
			name = Debug;
		};
		226A018B2C5420710045D3F2 /* Release */ = {
			isa = XCBuildConfiguration;
			buildSettings = {
				ALWAYS_SEARCH_USER_PATHS = NO;
				ASSETCATALOG_COMPILER_GENERATE_SWIFT_ASSET_SYMBOL_EXTENSIONS = YES;
				CLANG_ANALYZER_NONNULL = YES;
				CLANG_ANALYZER_NUMBER_OBJECT_CONVERSION = YES_AGGRESSIVE;
				CLANG_CXX_LANGUAGE_STANDARD = "gnu++20";
				CLANG_ENABLE_MODULES = YES;
				CLANG_ENABLE_OBJC_ARC = YES;
				CLANG_ENABLE_OBJC_WEAK = YES;
				CLANG_WARN_BLOCK_CAPTURE_AUTORELEASING = YES;
				CLANG_WARN_BOOL_CONVERSION = YES;
				CLANG_WARN_COMMA = YES;
				CLANG_WARN_CONSTANT_CONVERSION = YES;
				CLANG_WARN_DEPRECATED_OBJC_IMPLEMENTATIONS = YES;
				CLANG_WARN_DIRECT_OBJC_ISA_USAGE = YES_ERROR;
				CLANG_WARN_DOCUMENTATION_COMMENTS = YES;
				CLANG_WARN_EMPTY_BODY = YES;
				CLANG_WARN_ENUM_CONVERSION = YES;
				CLANG_WARN_INFINITE_RECURSION = YES;
				CLANG_WARN_INT_CONVERSION = YES;
				CLANG_WARN_NON_LITERAL_NULL_CONVERSION = YES;
				CLANG_WARN_OBJC_IMPLICIT_RETAIN_SELF = YES;
				CLANG_WARN_OBJC_LITERAL_CONVERSION = YES;
				CLANG_WARN_OBJC_ROOT_CLASS = YES_ERROR;
				CLANG_WARN_QUOTED_INCLUDE_IN_FRAMEWORK_HEADER = YES;
				CLANG_WARN_RANGE_LOOP_ANALYSIS = YES;
				CLANG_WARN_STRICT_PROTOTYPES = YES;
				CLANG_WARN_SUSPICIOUS_MOVE = YES;
				CLANG_WARN_UNGUARDED_AVAILABILITY = YES_AGGRESSIVE;
				CLANG_WARN_UNREACHABLE_CODE = YES;
				CLANG_WARN__DUPLICATE_METHOD_MATCH = YES;
				COPY_PHASE_STRIP = NO;
				DEBUG_INFORMATION_FORMAT = "dwarf-with-dsym";
				ENABLE_NS_ASSERTIONS = NO;
				ENABLE_STRICT_OBJC_MSGSEND = YES;
				ENABLE_USER_SCRIPT_SANDBOXING = YES;
				GCC_C_LANGUAGE_STANDARD = gnu17;
				GCC_NO_COMMON_BLOCKS = YES;
				GCC_WARN_64_TO_32_BIT_CONVERSION = YES;
				GCC_WARN_ABOUT_RETURN_TYPE = YES_ERROR;
				GCC_WARN_UNDECLARED_SELECTOR = YES;
				GCC_WARN_UNINITIALIZED_AUTOS = YES_AGGRESSIVE;
				GCC_WARN_UNUSED_FUNCTION = YES;
				GCC_WARN_UNUSED_VARIABLE = YES;
				IPHONEOS_DEPLOYMENT_TARGET = 17.5;
				LOCALIZATION_PREFERS_STRING_CATALOGS = YES;
				MTL_ENABLE_DEBUG_INFO = NO;
				MTL_FAST_MATH = YES;
				SDKROOT = iphoneos;
				SWIFT_COMPILATION_MODE = wholemodule;
				VALIDATE_PRODUCT = YES;
			};
			name = Release;
		};
		226A018D2C5420710045D3F2 /* Debug */ = {
			isa = XCBuildConfiguration;
			buildSettings = {
				ASSETCATALOG_COMPILER_APPICON_NAME = AppIcon;
				ASSETCATALOG_COMPILER_GLOBAL_ACCENT_COLOR_NAME = AccentColor;
				CODE_SIGN_STYLE = Automatic;
				CURRENT_PROJECT_VERSION = 1;
				DEVELOPMENT_ASSET_PATHS = "\"FetchDessert/Preview Content\"";
				DEVELOPMENT_TEAM = J3JH7QQGHX;
				ENABLE_PREVIEWS = YES;
				GENERATE_INFOPLIST_FILE = YES;
				INFOPLIST_FILE = FetchDessert/Info.plist;
				INFOPLIST_KEY_UIApplicationSceneManifest_Generation = YES;
				INFOPLIST_KEY_UIApplicationSupportsIndirectInputEvents = YES;
				INFOPLIST_KEY_UILaunchScreen_Generation = YES;
				INFOPLIST_KEY_UISupportedInterfaceOrientations_iPad = "UIInterfaceOrientationPortrait UIInterfaceOrientationPortraitUpsideDown UIInterfaceOrientationLandscapeLeft UIInterfaceOrientationLandscapeRight";
				INFOPLIST_KEY_UISupportedInterfaceOrientations_iPhone = "UIInterfaceOrientationPortrait UIInterfaceOrientationLandscapeLeft UIInterfaceOrientationLandscapeRight";
				LD_RUNPATH_SEARCH_PATHS = (
					"$(inherited)",
					"@executable_path/Frameworks",
				);
				MARKETING_VERSION = 1.0;
				PRODUCT_BUNDLE_IDENTIFIER = Sean.FetchDessert;
				PRODUCT_NAME = "$(TARGET_NAME)";
				SUPPORTED_PLATFORMS = "iphoneos iphonesimulator";
				SUPPORTS_MACCATALYST = NO;
				SUPPORTS_MAC_DESIGNED_FOR_IPHONE_IPAD = NO;
				SUPPORTS_XR_DESIGNED_FOR_IPHONE_IPAD = NO;
				SWIFT_EMIT_LOC_STRINGS = YES;
				SWIFT_VERSION = 5.0;
				TARGETED_DEVICE_FAMILY = 1;
			};
			name = Debug;
		};
		226A018E2C5420710045D3F2 /* Release */ = {
			isa = XCBuildConfiguration;
			buildSettings = {
				ASSETCATALOG_COMPILER_APPICON_NAME = AppIcon;
				ASSETCATALOG_COMPILER_GLOBAL_ACCENT_COLOR_NAME = AccentColor;
				CODE_SIGN_STYLE = Automatic;
				CURRENT_PROJECT_VERSION = 1;
				DEVELOPMENT_ASSET_PATHS = "\"FetchDessert/Preview Content\"";
				DEVELOPMENT_TEAM = J3JH7QQGHX;
				ENABLE_PREVIEWS = YES;
				GENERATE_INFOPLIST_FILE = YES;
				INFOPLIST_FILE = FetchDessert/Info.plist;
				INFOPLIST_KEY_UIApplicationSceneManifest_Generation = YES;
				INFOPLIST_KEY_UIApplicationSupportsIndirectInputEvents = YES;
				INFOPLIST_KEY_UILaunchScreen_Generation = YES;
				INFOPLIST_KEY_UISupportedInterfaceOrientations_iPad = "UIInterfaceOrientationPortrait UIInterfaceOrientationPortraitUpsideDown UIInterfaceOrientationLandscapeLeft UIInterfaceOrientationLandscapeRight";
				INFOPLIST_KEY_UISupportedInterfaceOrientations_iPhone = "UIInterfaceOrientationPortrait UIInterfaceOrientationLandscapeLeft UIInterfaceOrientationLandscapeRight";
				LD_RUNPATH_SEARCH_PATHS = (
					"$(inherited)",
					"@executable_path/Frameworks",
				);
				MARKETING_VERSION = 1.0;
				PRODUCT_BUNDLE_IDENTIFIER = Sean.FetchDessert;
				PRODUCT_NAME = "$(TARGET_NAME)";
				SUPPORTED_PLATFORMS = "iphoneos iphonesimulator";
				SUPPORTS_MACCATALYST = NO;
				SUPPORTS_MAC_DESIGNED_FOR_IPHONE_IPAD = NO;
				SUPPORTS_XR_DESIGNED_FOR_IPHONE_IPAD = NO;
				SWIFT_EMIT_LOC_STRINGS = YES;
				SWIFT_VERSION = 5.0;
				TARGETED_DEVICE_FAMILY = 1;
			};
			name = Release;
		};
		228907A42CD3CBE5007C8637 /* Debug */ = {
			isa = XCBuildConfiguration;
			buildSettings = {
				ASSETCATALOG_COMPILER_APPICON_NAME = AppIcon;
				ASSETCATALOG_COMPILER_GLOBAL_ACCENT_COLOR_NAME = AccentColor;
				CODE_SIGN_STYLE = Automatic;
				CURRENT_PROJECT_VERSION = 1;
				DEVELOPMENT_ASSET_PATHS = "\"FetchDessertAltUI/Preview Content\"";
				DEVELOPMENT_TEAM = J3JH7QQGHX;
				ENABLE_PREVIEWS = YES;
				GENERATE_INFOPLIST_FILE = YES;
				INFOPLIST_KEY_UIApplicationSceneManifest_Generation = YES;
				INFOPLIST_KEY_UIApplicationSupportsIndirectInputEvents = YES;
				INFOPLIST_KEY_UILaunchScreen_Generation = YES;
				INFOPLIST_KEY_UISupportedInterfaceOrientations_iPad = "UIInterfaceOrientationPortrait UIInterfaceOrientationPortraitUpsideDown UIInterfaceOrientationLandscapeLeft UIInterfaceOrientationLandscapeRight";
				INFOPLIST_KEY_UISupportedInterfaceOrientations_iPhone = "UIInterfaceOrientationPortrait UIInterfaceOrientationLandscapeLeft UIInterfaceOrientationLandscapeRight";
				LD_RUNPATH_SEARCH_PATHS = (
					"$(inherited)",
					"@executable_path/Frameworks",
				);
				MARKETING_VERSION = 1.0;
				PRODUCT_BUNDLE_IDENTIFIER = Sean.FetchDessertAltUI;
				PRODUCT_NAME = "$(TARGET_NAME)";
				SWIFT_EMIT_LOC_STRINGS = YES;
				SWIFT_VERSION = 5.0;
				TARGETED_DEVICE_FAMILY = "1,2";
			};
			name = Debug;
		};
		228907A52CD3CBE5007C8637 /* Release */ = {
			isa = XCBuildConfiguration;
			buildSettings = {
				ASSETCATALOG_COMPILER_APPICON_NAME = AppIcon;
				ASSETCATALOG_COMPILER_GLOBAL_ACCENT_COLOR_NAME = AccentColor;
				CODE_SIGN_STYLE = Automatic;
				CURRENT_PROJECT_VERSION = 1;
				DEVELOPMENT_ASSET_PATHS = "\"FetchDessertAltUI/Preview Content\"";
				DEVELOPMENT_TEAM = J3JH7QQGHX;
				ENABLE_PREVIEWS = YES;
				GENERATE_INFOPLIST_FILE = YES;
				INFOPLIST_KEY_UIApplicationSceneManifest_Generation = YES;
				INFOPLIST_KEY_UIApplicationSupportsIndirectInputEvents = YES;
				INFOPLIST_KEY_UILaunchScreen_Generation = YES;
				INFOPLIST_KEY_UISupportedInterfaceOrientations_iPad = "UIInterfaceOrientationPortrait UIInterfaceOrientationPortraitUpsideDown UIInterfaceOrientationLandscapeLeft UIInterfaceOrientationLandscapeRight";
				INFOPLIST_KEY_UISupportedInterfaceOrientations_iPhone = "UIInterfaceOrientationPortrait UIInterfaceOrientationLandscapeLeft UIInterfaceOrientationLandscapeRight";
				LD_RUNPATH_SEARCH_PATHS = (
					"$(inherited)",
					"@executable_path/Frameworks",
				);
				MARKETING_VERSION = 1.0;
				PRODUCT_BUNDLE_IDENTIFIER = Sean.FetchDessertAltUI;
				PRODUCT_NAME = "$(TARGET_NAME)";
				SWIFT_EMIT_LOC_STRINGS = YES;
				SWIFT_VERSION = 5.0;
				TARGETED_DEVICE_FAMILY = "1,2";
			};
			name = Release;
		};
/* End XCBuildConfiguration section */

/* Begin XCConfigurationList section */
		226A01792C5420700045D3F2 /* Build configuration list for PBXProject "FetchDessert" */ = {
			isa = XCConfigurationList;
			buildConfigurations = (
				226A018A2C5420710045D3F2 /* Debug */,
				226A018B2C5420710045D3F2 /* Release */,
			);
			defaultConfigurationIsVisible = 0;
			defaultConfigurationName = Release;
		};
		226A018C2C5420710045D3F2 /* Build configuration list for PBXNativeTarget "FetchDessert" */ = {
			isa = XCConfigurationList;
			buildConfigurations = (
				226A018D2C5420710045D3F2 /* Debug */,
				226A018E2C5420710045D3F2 /* Release */,
			);
			defaultConfigurationIsVisible = 0;
			defaultConfigurationName = Release;
		};
		228907A62CD3CBE5007C8637 /* Build configuration list for PBXNativeTarget "FetchDessertAltUI" */ = {
			isa = XCConfigurationList;
			buildConfigurations = (
				228907A42CD3CBE5007C8637 /* Debug */,
				228907A52CD3CBE5007C8637 /* Release */,
			);
			defaultConfigurationIsVisible = 0;
			defaultConfigurationName = Release;
		};
/* End XCConfigurationList section */

/* Begin XCSwiftPackageProductDependency section */
		2280E7062C5551260072F689 /* FetchDessertPkg */ = {
			isa = XCSwiftPackageProductDependency;
			productName = FetchDessertPkg;
		};
		228907AB2CD44008007C8637 /* FetchDessertPkg */ = {
			isa = XCSwiftPackageProductDependency;
			productName = FetchDessertPkg;
		};
/* End XCSwiftPackageProductDependency section */
	};
	rootObject = 226A01762C5420700045D3F2 /* Project object */;
}
